
Microsoft Visual Studio Solution File, Format Version 12.00
# Visual Studio Version 16
VisualStudioVersion = 16.0.30114.105
MinimumVisualStudioVersion = 10.0.40219.1
Project("{2150E333-8FDC-42A3-9474-1A3956D46DE8}") = "src", "src", "{AA84EED3-E0FC-44D7-BCF4-244722A1CAD9}"
EndProject
Project("{FAE04EC0-301F-11D3-BF4B-00C04F79EFBC}") = "Library", "src\Library\Library.csproj", "{136DF750-C1BD-4B61-A178-1AFCDB440770}"
EndProject
Project("{FAE04EC0-301F-11D3-BF4B-00C04F79EFBC}") = "Client", "src\Client\Client.csproj", "{99642B79-7021-4EF3-829E-31B6BA519BC8}"
EndProject
Project("{FAE04EC0-301F-11D3-BF4B-00C04F79EFBC}") = "Library.Tests.Unit", "src\Library.Tests.Unit\Library.Tests.Unit.csproj", "{40DBA101-3039-4E6F-8AD5-C72D7140B971}"
EndProject
Global
	GlobalSection(SolutionConfigurationPlatforms) = preSolution
		Debug|Any CPU = Debug|Any CPU
		Release|Any CPU = Release|Any CPU
	EndGlobalSection
	GlobalSection(SolutionProperties) = preSolution
		HideSolutionNode = FALSE
	EndGlobalSection
	GlobalSection(ProjectConfigurationPlatforms) = postSolution
		{136DF750-C1BD-4B61-A178-1AFCDB440770}.Debug|Any CPU.ActiveCfg = Debug|Any CPU
		{136DF750-C1BD-4B61-A178-1AFCDB440770}.Debug|Any CPU.Build.0 = Debug|Any CPU
		{136DF750-C1BD-4B61-A178-1AFCDB440770}.Release|Any CPU.ActiveCfg = Release|Any CPU
		{136DF750-C1BD-4B61-A178-1AFCDB440770}.Release|Any CPU.Build.0 = Release|Any CPU
		{99642B79-7021-4EF3-829E-31B6BA519BC8}.Debug|Any CPU.ActiveCfg = Debug|Any CPU
		{99642B79-7021-4EF3-829E-31B6BA519BC8}.Debug|Any CPU.Build.0 = Debug|Any CPU
		{99642B79-7021-4EF3-829E-31B6BA519BC8}.Release|Any CPU.ActiveCfg = Release|Any CPU
		{99642B79-7021-4EF3-829E-31B6BA519BC8}.Release|Any CPU.Build.0 = Release|Any CPU
		{40DBA101-3039-4E6F-8AD5-C72D7140B971}.Debug|Any CPU.ActiveCfg = Debug|Any CPU
		{40DBA101-3039-4E6F-8AD5-C72D7140B971}.Debug|Any CPU.Build.0 = Debug|Any CPU
		{40DBA101-3039-4E6F-8AD5-C72D7140B971}.Release|Any CPU.ActiveCfg = Release|Any CPU
		{40DBA101-3039-4E6F-8AD5-C72D7140B971}.Release|Any CPU.Build.0 = Release|Any CPU
	EndGlobalSection
	GlobalSection(NestedProjects) = preSolution
		{136DF750-C1BD-4B61-A178-1AFCDB440770} = {AA84EED3-E0FC-44D7-BCF4-244722A1CAD9}
		{99642B79-7021-4EF3-829E-31B6BA519BC8} = {AA84EED3-E0FC-44D7-BCF4-244722A1CAD9}
		{40DBA101-3039-4E6F-8AD5-C72D7140B971} = {AA84EED3-E0FC-44D7-BCF4-244722A1CAD9}
	EndGlobalSection
EndGlobal
